
Microsoft Visual Studio Solution File, Format Version 12.00
# Visual Studio Version 16
VisualStudioVersion = 16.0.30011.22
MinimumVisualStudioVersion = 10.0.40219.1
Project("{FAE04EC0-301F-11D3-BF4B-00C04F79EFBC}") = "Interfaz", "Interfaz\Interfaz.csproj", "{F6CD2994-6643-42FD-9F0C-5DC971D112C2}"
EndProject
Project("{FAE04EC0-301F-11D3-BF4B-00C04F79EFBC}") = "LogicaNegocio", "LogicaNegocio\LogicaNegocio.csproj", "{9C944B57-C4A0-446E-8378-2B35D49F507E}"
EndProject
Project("{FAE04EC0-301F-11D3-BF4B-00C04F79EFBC}") = "AccesoDatos", "AccesoDatos\AccesoDatos.csproj", "{772386BA-58DA-464C-BD33-EBCF016BB188}"
EndProject
Global
	GlobalSection(SolutionConfigurationPlatforms) = preSolution
		Debug|Any CPU = Debug|Any CPU
		Release|Any CPU = Release|Any CPU
	EndGlobalSection
	GlobalSection(ProjectConfigurationPlatforms) = postSolution
		{F6CD2994-6643-42FD-9F0C-5DC971D112C2}.Debug|Any CPU.ActiveCfg = Debug|Any CPU
		{F6CD2994-6643-42FD-9F0C-5DC971D112C2}.Debug|Any CPU.Build.0 = Debug|Any CPU
		{F6CD2994-6643-42FD-9F0C-5DC971D112C2}.Release|Any CPU.ActiveCfg = Release|Any CPU
		{F6CD2994-6643-42FD-9F0C-5DC971D112C2}.Release|Any CPU.Build.0 = Release|Any CPU
		{9C944B57-C4A0-446E-8378-2B35D49F507E}.Debug|Any CPU.ActiveCfg = Debug|Any CPU
		{9C944B57-C4A0-446E-8378-2B35D49F507E}.Debug|Any CPU.Build.0 = Debug|Any CPU
		{9C944B57-C4A0-446E-8378-2B35D49F507E}.Release|Any CPU.ActiveCfg = Release|Any CPU
		{9C944B57-C4A0-446E-8378-2B35D49F507E}.Release|Any CPU.Build.0 = Release|Any CPU
		{772386BA-58DA-464C-BD33-EBCF016BB188}.Debug|Any CPU.ActiveCfg = Debug|Any CPU
		{772386BA-58DA-464C-BD33-EBCF016BB188}.Debug|Any CPU.Build.0 = Debug|Any CPU
		{772386BA-58DA-464C-BD33-EBCF016BB188}.Release|Any CPU.ActiveCfg = Release|Any CPU
		{772386BA-58DA-464C-BD33-EBCF016BB188}.Release|Any CPU.Build.0 = Release|Any CPU
	EndGlobalSection
	GlobalSection(SolutionProperties) = preSolution
		HideSolutionNode = FALSE
	EndGlobalSection
	GlobalSection(ExtensibilityGlobals) = postSolution
		SolutionGuid = {20F16042-C8F2-459E-9AFF-EBAEBA8C6323}
	EndGlobalSection
EndGlobal
